
Microsoft Visual Studio Solution File, Format Version 12.00
# Visual Studio Version 17
VisualStudioVersion = 17.7.34031.279
MinimumVisualStudioVersion = 10.0.40219.1
Project("{FAE04EC0-301F-11D3-BF4B-00C04F79EFBC}") = "G3000P_log", "G3000P_log.csproj", "{13C17870-AB78-4437-B8A5-DFA93C790339}"
EndProject
Global
	GlobalSection(SolutionConfigurationPlatforms) = preSolution
		Debug|Any CPU = Debug|Any CPU
		Release|Any CPU = Release|Any CPU
	EndGlobalSection
	GlobalSection(ProjectConfigurationPlatforms) = postSolution
		{13C17870-AB78-4437-B8A5-DFA93C790339}.Debug|Any CPU.ActiveCfg = Debug|Any CPU
		{13C17870-AB78-4437-B8A5-DFA93C790339}.Debug|Any CPU.Build.0 = Debug|Any CPU
		{13C17870-AB78-4437-B8A5-DFA93C790339}.Release|Any CPU.ActiveCfg = Release|Any CPU
		{13C17870-AB78-4437-B8A5-DFA93C790339}.Release|Any CPU.Build.0 = Release|Any CPU
	EndGlobalSection
	GlobalSection(SolutionProperties) = preSolution
		HideSolutionNode = FALSE
	EndGlobalSection
	GlobalSection(ExtensibilityGlobals) = postSolution
		SolutionGuid = {2A6B0615-30D6-4D0F-8704-D386C319AE2D}
	EndGlobalSection
EndGlobal
